PackratFormat: 1.4
PackratVersion: 0.5.0
RVersion: 3.6.1
Repos: CRAN=https://cran.stat.unipd.it

Package: BH
Source: CRAN
Version: 1.72.0-3
Hash: fc53be86f0b712d3de03fef95893d710

Package: Cairo
Source: CRAN
Version: 1.5-10
Hash: a1b8eea3e90670a83af44072564893f1

Package: DBI
Source: CRAN
Version: 1.1.0
Hash: d1075050684753e939c45775617c8f38

Package: DT
Source: CRAN
Version: 0.11
Hash: 778e7f4ebfffa663e90faa8aa4e07a36
Requires: crosstalk, htmltools, htmlwidgets, jsonlite, magrittr,
    promises

Package: R6
Source: CRAN
Version: 2.4.1
Hash: b488861d8c3dfac497e041ec911df9fb

Package: RColorBrewer
Source: CRAN
Version: 1.1-2
Hash: c0d56cd15034f395874c870141870c25

Package: Rcpp
Source: CRAN
Version: 1.0.3
Hash: 99f6a1855b2f9434e1399d565d2ed9df

Package: RcppParallel
Source: CRAN
Version: 4.4.4
Hash: 2db2bc0a3db5e103b146509aaeb120df

Package: V8
Source: CRAN
Version: 3.0.1
Hash: d77b376a19b4771c3df114cc793a58ee
Requires: Rcpp, curl, jsonlite

Package: askpass
Source: CRAN
Version: 1.1
Hash: 6f6c430e3cd0dd7d48f447700f4d7e7f
Requires: sys

Package: assertthat
Source: CRAN
Version: 0.2.1
Hash: 622be49032fe50bd42e96aaef613e209

Package: backports
Source: CRAN
Version: 1.1.5
Hash: 35ad64fcf2063e2a52031b0f1a59d8f0

Package: base64enc
Source: CRAN
Version: 0.1-3
Hash: c590d29e555926af053055e23ee79efb

Package: base64url
Source: CRAN
Version: 1.4
Hash: bb0bed97e10d3479d02264fa87bf061a
Requires: backports

Package: bayestestR
Source: CRAN
Version: 0.5.1
Hash: 1babae0e0da4ebae45e0624fd209b861
Requires: insight

Package: bigassertr
Source: CRAN
Version: 0.1.1
Hash: 9a9c3f19db320813fe18f425d7cec514

Package: bigreadr
Source: CRAN
Version: 0.2.0
Hash: b9918b75fecda28e1e618a6f5120c099
Requires: Rcpp, bigassertr, data.table

Package: bit
Source: CRAN
Version: 1.1-15.1
Hash: 5338d65d8d3eeef4029c760dad5649b4

Package: bit64
Source: CRAN
Version: 0.9-7
Hash: 4b195615d19ba49c114eb04e09e30a96
Requires: bit

Package: brew
Source: CRAN
Version: 1.0-6
Hash: 931f9972deae0f205e1c78a51f33149b

Package: broom
Source: CRAN
Version: 0.5.3
Hash: 77a82ae397d1011a20ea8bfc36332526
Requires: backports, dplyr, generics, purrr, reshape2, stringr, tibble,
    tidyr

Package: bsselectR
Source: github
Version: 0.1.0
Hash: 1aa72e8ba78dcbd913bf74746cea8509
Requires: htmltools, htmlwidgets, rmarkdown
GithubRepo: bsselectR
GithubUsername: walkerke
GithubRef: master
GithubSha1: c196e8f6e8e4f1907db893737e5949fb099d4cce
RemoteHost: api.github.com
RemoteRepo: bsselectR
RemoteUsername: walkerke
RemoteRef: master
RemoteSha: c196e8f6e8e4f1907db893737e5949fb099d4cce

Package: callr
Source: CRAN
Version: 3.4.0
Hash: ae27c37525b77ec1a7b387cd9451219d
Requires: R6, processx

Package: cellranger
Source: CRAN
Version: 1.1.0
Hash: be9d203e7849f73818b36f93e9273c2c
Requires: rematch, tibble

Package: classInt
Source: CRAN
Version: 0.4-2
Hash: fd0fe93c1798f5b2eca9a38448c06f98
Requires: e1071

Package: cli
Source: CRAN
Version: 2.0.1
Hash: 8e710a5f3177f1db9c6138e1dcbdfc30
Requires: assertthat, crayon, fansi, glue

Package: clipr
Source: CRAN
Version: 0.7.0
Hash: 30cdec6c8cc62c80c485e6bdd0c02b05

Package: clisymbols
Source: CRAN
Version: 1.2.0
Hash: a76a309884277a4fd8a5d741965fbef5

Package: colorspace
Source: CRAN
Version: 1.4-1
Hash: 60a56e9998b8b58ee378db3dc91b27a5

Package: commonmark
Source: CRAN
Version: 1.7
Hash: 77f4ba718e2bad1877ef26e48cf8fa43

Package: covr
Source: CRAN
Version: 3.4.0
Hash: 73e128a954d3aaeac8d088dab50975d9
Requires: crayon, digest, httr, jsonlite, rex, withr, yaml

Package: cowplot
Source: CRAN
Version: 1.0.0
Hash: 70e09cab441d1307901bb1f60cb61d8d
Requires: ggplot2, gtable, rlang, scales

Package: crayon
Source: CRAN
Version: 1.3.4
Hash: ff2840dd9b0d563fc80377a5a45510cd

Package: crosstalk
Source: CRAN
Version: 1.0.0
Hash: c13adea5906fbe2becfcb5f843b26749
Requires: R6, ggplot2, htmltools, jsonlite, lazyeval, shiny

Package: curl
Source: CRAN
Version: 4.3
Hash: 3916ae5637dbaf5996dbde80ea92a047

Package: data.table
Source: CRAN
Version: 1.12.8
Hash: 283ad0e503ab521300c6d1d02e58d2ae

Package: dbplyr
Source: CRAN
Version: 1.4.2
Hash: 98ff6c6b2ff30fd4007dd16c75027b30
Requires: DBI, R6, assertthat, dplyr, glue, purrr, rlang, tibble,
    tidyselect

Package: desc
Source: CRAN
Version: 1.2.0
Hash: a0a3ca939997679a52816bae4ed6aaae
Requires: R6, assertthat, crayon, rprojroot

Package: devtools
Source: CRAN
Version: 2.2.1
Hash: 9baf6de0ef44d3ee36db7d022ac4c37a
Requires: DT, callr, cli, covr, crayon, desc, digest, ellipsis, git2r,
    glue, httr, jsonlite, memoise, pkgbuild, pkgload, rcmdcheck,
    remotes, rlang, roxygen2, rstudioapi, rversions, sessioninfo,
    testthat, usethis, withr

Package: digest
Source: CRAN
Version: 0.6.23
Hash: 7ec748e53ca45166e0824224421529ad

Package: directlabels
Source: CRAN
Version: 2020.1.31
Hash: abb21c3108e71a2c295d11225428df7e
Requires: quadprog

Package: disk.frame
Source: CRAN
Version: 0.3.3
Hash: 380241b8524f2e6ade059d89c98f9bf5
Requires: Rcpp, bigreadr, bit64, crayon, data.table, dplyr, fs, fst,
    furrr, future, future.apply, globals, glue, jsonlite, pryr, purrr,
    rlang, stringr

Package: dplyr
Source: CRAN
Version: 0.8.3
Hash: 0cad5e2e3fa1ffb4b3dc9fb9462d1579
Requires: BH, R6, Rcpp, assertthat, glue, magrittr, pkgconfig, plogr,
    rlang, tibble, tidyselect

Package: drake
Source: CRAN
Version: 7.9.0
Hash: 6ff41d908acffa725cd84ce93f8d8c01
Requires: base64url, digest, igraph, rlang, storr, txtq, vctrs

Package: e1071
Source: CRAN
Version: 1.7-3
Hash: f851e9de06edec144aa7d996bbf32538

Package: effectsize
Source: CRAN
Version: 0.1.1
Hash: b37889b7b672403a19be0d15f2063c0a
Requires: bayestestR, insight, parameters

Package: ellipsis
Source: CRAN
Version: 0.3.0
Hash: 30b58109e4d7c6184a9c2e32f9ae38c6
Requires: rlang

Package: evaluate
Source: CRAN
Version: 0.14
Hash: 18306cc3bc1aec7b7360eea8a0eb0ee1

Package: fansi
Source: CRAN
Version: 0.4.1
Hash: fc0a252b8e427847d13e89f56ab4665e

Package: farver
Source: CRAN
Version: 2.0.1
Hash: eb671f52c8ebb4b81617eba93abda72b

Package: fastmap
Source: CRAN
Version: 1.0.1
Hash: d272cd728e4095b3964181b44763f46c

Package: filehash
Source: CRAN
Version: 2.4-2
Hash: bcc438113bce54420c286dfea8da479a

Package: filelock
Source: CRAN
Version: 1.0.2
Hash: 97adcbe3b816f81113e84168d06746d8

Package: forcats
Source: CRAN
Version: 0.4.0
Hash: 3999d0f4538fe92c7af47b82f3e461b8
Requires: ellipsis, magrittr, rlang, tibble

Package: fs
Source: CRAN
Version: 1.3.1
Hash: 11d1e11317360bc03002aa5575d792a3
Requires: Rcpp

Package: fst
Source: CRAN
Version: 0.9.0
Hash: 39f0e34ed73c9f03da92543efe233328
Requires: Rcpp

Package: furrr
Source: CRAN
Version: 0.1.0
Hash: 2bf07dd5ce0ab262a081cc9f0555b670
Requires: future, globals, purrr, rlang

Package: future
Source: CRAN
Version: 1.16.0
Hash: a18bd69b9a7ea71e30ff5a493243978f
Requires: digest, globals, listenv

Package: future.apply
Source: CRAN
Version: 1.4.0
Hash: df43420ab36247ef433b40d7a8276d0b
Requires: future, globals

Package: gdtools
Source: CRAN
Version: 0.2.1
Hash: 25cc6a90aaa8d8d7500957dcbf849b3a
Requires: Rcpp, systemfonts

Package: generics
Source: CRAN
Version: 0.0.2
Hash: 4aaf002dd434e8c854611c5d11a1d58e

Package: gganimate
Source: CRAN
Version: 1.0.4
Hash: 3aa4a2aa3f9dac351d9fba5476d9c5c5
Requires: ggplot2, glue, plyr, progress, rlang, scales, stringi, tweenr

Package: ggiraph
Source: CRAN
Version: 0.7.0
Hash: d33a893135f9c3d0af896b39432ba63a
Requires: Rcpp, gdtools, ggplot2, htmltools, htmlwidgets, purrr, rlang,
    uuid, xml2

Package: ggplot2
Source: CRAN
Version: 3.2.1
Hash: 7cf3f9df0089475f133ec23befca1032
Requires: digest, gtable, lazyeval, reshape2, rlang, scales, tibble,
    viridisLite, withr

Package: ggrepel
Source: CRAN
Version: 0.8.1
Hash: 4d536a76d94770e2636878615d3c8c35
Requires: Rcpp, ggplot2, scales

Package: ggridges
Source: CRAN
Version: 0.5.2
Hash: 799e5d40a5334680d82d683f100d737b
Requires: ggplot2, plyr, scales, withr

Package: gh
Source: CRAN
Version: 1.1.0
Hash: efbe85b24e36b328003fd33772a8931b
Requires: cli, httr, ini, jsonlite

Package: gifski
Source: CRAN
Version: 0.8.6
Hash: 00842a5bff13db65b8bcdaf91dc6a299

Package: git2r
Source: CRAN
Version: 0.26.1
Hash: 744a0a12d9f4ac186b222f6795fab4fe

Package: globals
Source: CRAN
Version: 0.12.5
Hash: 93c51eaf39b178fd11ff574d3eae5b88

Package: glue
Source: CRAN
Version: 1.3.1
Hash: 660bbbe3803c7cf7c9489a7d99a9c0ed

Package: gridExtra
Source: CRAN
Version: 2.3
Hash: fa977bc1aab5588a08123b10ceb1ad3d
Requires: gtable

Package: gtable
Source: CRAN
Version: 0.3.0
Hash: a9e7b0666eb933a0cb36779240b4462e

Package: haven
Source: CRAN
Version: 2.2.0
Hash: 28c80524a8dd671fc32e94fcc05c6975
Requires: Rcpp, forcats, hms, readr, rlang, tibble, tidyselect

Package: here
Source: CRAN
Version: 0.1
Hash: 90e1a97508a0d7383b0eeb11e397e763
Requires: rprojroot

Package: hexbin
Source: CRAN
Version: 1.28.0
Hash: cb783773009a64806fc1e308f3d35f94

Package: highr
Source: CRAN
Version: 0.8
Hash: 16aa2cc98d7b68c9d148c263c8dcdbcd

Package: hms
Source: CRAN
Version: 0.5.3
Hash: a0709e1b17b4bc1c27f5235177543e07
Requires: pkgconfig, rlang, vctrs

Package: htmltools
Source: CRAN
Version: 0.4.0
Hash: ede066c0aec518db9acda803c6b94503
Requires: Rcpp, digest, rlang

Package: htmlwidgets
Source: CRAN
Version: 1.5.1
Hash: 20e5cc02b795afc7322836c947b5aab2
Requires: htmltools, jsonlite, yaml

Package: httpuv
Source: CRAN
Version: 1.5.2
Hash: 2289547bb56449fe96520a8cc62d3a95
Requires: BH, R6, Rcpp, later, promises

Package: httr
Source: CRAN
Version: 1.4.1
Hash: cc16de93eaabd3c6d0785cb8e6d059ab
Requires: R6, curl, jsonlite, mime, openssl

Package: igraph
Source: CRAN
Version: 1.2.4.2
Hash: 13fd902945ea53bda3f78d1b6c619bf6
Requires: magrittr, pkgconfig

Package: ini
Source: CRAN
Version: 0.3.1
Hash: 9d6de5178c1cedabfb24e7d2acc9a092

Package: insight
Source: CRAN
Version: 0.8.0
Hash: a5076b4217f1f115b86969ba84d67ae8

Package: janitor
Source: CRAN
Version: 1.2.1
Hash: c186c6426327ed25375a479ba5819318
Requires: dplyr, magrittr, purrr, rlang, snakecase, tidyr

Package: jsonlite
Source: CRAN
Version: 1.6
Hash: 5f969e213e966135393e3e304abf3f49

Package: knitr
Source: CRAN
Version: 1.26
Hash: 779c00d598441cbc415058a49178fcf8
Requires: evaluate, highr, markdown, stringr, xfun, yaml

Package: labeling
Source: CRAN
Version: 0.3
Hash: ecf589b42cd284b03a4beb9665482d3e

Package: later
Source: CRAN
Version: 1.0.0
Hash: a63bf8555c73402bb1504da55a15c930
Requires: BH, Rcpp, rlang

Package: lazyeval
Source: CRAN
Version: 0.2.2
Hash: 563563691bea3cde6945a98996d7c166

Package: lifecycle
Source: CRAN
Version: 0.1.0
Hash: fd2ceffa778c010fab2df12b2eccd835
Requires: glue, rlang

Package: listenv
Source: CRAN
Version: 0.8.0
Hash: 1e47a0224c5b814c05161cf2da491b2c

Package: lpSolve
Source: CRAN
Version: 5.6.15
Hash: d5894187f31a1e61bcba9b44b0d5fef6

Package: lubridate
Source: CRAN
Version: 1.7.4
Hash: 74ce398682545c624d819a6b5c4c461b
Requires: Rcpp, stringr

Package: magrittr
Source: CRAN
Version: 1.5
Hash: bdc4d48c3135e8f3b399536ddf160df4

Package: markdown
Source: CRAN
Version: 1.1
Hash: 1b6a18fd395589425e338a47b999099f
Requires: mime, xfun

Package: memoise
Source: CRAN
Version: 1.1.0
Hash: 410fcd334bc626db100237cc1370f2e9
Requires: digest

Package: mime
Source: CRAN
Version: 0.8
Hash: e4b20f5b8c6b3563adb7e914a52b6400

Package: modelr
Source: CRAN
Version: 0.1.5
Hash: c79fcf8da71e70be2d19cd9c505225ca
Requires: broom, dplyr, magrittr, purrr, rlang, tibble, tidyr

Package: munsell
Source: CRAN
Version: 0.5.0
Hash: 38d0efee9bb99bef143bde41c4ce715c
Requires: colorspace

Package: openssl
Source: CRAN
Version: 1.4.1
Hash: b01fe6ae05ec2a30a777dc338af5bf69
Requires: askpass

Package: packrat
Source: CRAN
Version: 0.5.0
Hash: 498643e765d1442ba7b1160a1df3abf9

Package: parameters
Source: CRAN
Version: 0.4.1
Hash: 666b688ad229859060e8f93139ed9b04
Requires: bayestestR, insight

Package: pillar
Source: CRAN
Version: 1.4.3
Hash: 64ebcd61a33f2bd9059ffa8a323fd620
Requires: cli, crayon, fansi, rlang, utf8, vctrs

Package: pkgbuild
Source: CRAN
Version: 1.0.6
Hash: f41de345bf0dda984cce64a7ea668ea4
Requires: R6, callr, cli, crayon, desc, prettyunits, rprojroot, withr

Package: pkgconfig
Source: CRAN
Version: 2.0.3
Hash: 5ff5f2361851a49534c96caa2a8071c7

Package: pkgload
Source: CRAN
Version: 1.0.2
Hash: 41eb2db35be61f6f9e8864cf87a1ecb0
Requires: desc, pkgbuild, rlang, rprojroot, rstudioapi, withr

Package: plogr
Source: CRAN
Version: 0.2.0
Hash: 81a8008a5e7858552503935f1abe48aa

Package: plotly
Source: CRAN
Version: 4.9.1
Hash: 66d49a48a15e4f8830b100973d9d79dd
Requires: RColorBrewer, base64enc, crosstalk, data.table, digest,
    dplyr, ggplot2, hexbin, htmltools, htmlwidgets, httr, jsonlite,
    lazyeval, magrittr, promises, purrr, rlang, scales, tibble, tidyr,
    viridisLite

Package: plyr
Source: CRAN
Version: 1.8.5
Hash: b40b6a12b97e854607af0f3bd4cce26b
Requires: Rcpp

Package: png
Source: CRAN
Version: 0.1-7
Hash: 421d7d6e0fb4bd885ecbd909b6456b8b

Package: praise
Source: CRAN
Version: 1.0.0
Hash: 77da8f1df873a4b91e5c4a68fe2fb1b6

Package: prettyunits
Source: CRAN
Version: 1.1.0
Hash: 74b7187f3434bdc54248ea95f4bdb0ae

Package: processx
Source: CRAN
Version: 3.4.1
Hash: 5c1f432b290b26ccc2aaaa8ff1fd2f62
Requires: R6, ps

Package: progress
Source: CRAN
Version: 1.2.2
Hash: 209280eb751acf5899f7c69366e14bd3
Requires: R6, crayon, hms, prettyunits

Package: promises
Source: CRAN
Version: 1.1.0
Hash: 8880b05e820a206470bcae597312329a
Requires: R6, Rcpp, later, magrittr, rlang

Package: pryr
Source: CRAN
Version: 0.1.4
Hash: 1d5a0652049e360b4251884c3d5c281c
Requires: Rcpp, stringr

Package: ps
Source: CRAN
Version: 1.3.0
Hash: 1d4cae95887ffe5b1a22bea5994476cd

Package: purrr
Source: CRAN
Version: 0.3.3
Hash: d4f497f8a97ef6c7182a87b2476748d1
Requires: magrittr, rlang

Package: quadprog
Source: CRAN
Version: 1.5-8
Hash: 2be0e6327ae246d71c0e19f510692dfc

Package: rPref
Source: CRAN
Version: 1.3
Hash: 03eda95db803a378703e8466a94b737a
Requires: Rcpp, RcppParallel, dplyr, igraph, lazyeval

Package: rcmdcheck
Source: CRAN
Version: 1.3.3
Hash: df2319559a8ed16e5b4d5f99de3e00a0
Requires: R6, callr, cli, crayon, desc, digest, pkgbuild, prettyunits,
    rprojroot, sessioninfo, withr, xopen

Package: readr
Source: CRAN
Version: 1.3.1
Hash: 7dcea00933f9bd8c4d5a154b50762091
Requires: BH, R6, Rcpp, clipr, crayon, hms, tibble

Package: readxl
Source: CRAN
Version: 1.3.1
Hash: b78b0f9a2c23914bd965b92434d10d6d
Requires: Rcpp, cellranger, progress, tibble

Package: rematch
Source: CRAN
Version: 1.0.1
Hash: ad4faf59e7611117ff165817074c50c7

Package: remotes
Source: CRAN
Version: 2.1.0
Hash: 3e0c7be315f7373f63989166181bfdcb

Package: reprex
Source: CRAN
Version: 0.3.0
Hash: 2029355cb70894267c2c7557c79307fd
Requires: callr, clipr, fs, rlang, rmarkdown, whisker, withr

Package: reshape2
Source: CRAN
Version: 1.4.3
Hash: 07530ccc44ce1d2e5390d6ae41bafe03
Requires: Rcpp, plyr, stringr

Package: rex
Source: CRAN
Version: 1.1.2
Hash: 57541aaae58f1a284a398f5c62c95097
Requires: lazyeval, magrittr

Package: rlang
Source: CRAN
Version: 0.4.2
Hash: c5cfcde637bbff4e42edad2e69dac5c7

Package: rmarkdown
Source: CRAN
Version: 2.0
Hash: 7804c349f69af5cdf4137f39f814b088
Requires: base64enc, evaluate, htmltools, jsonlite, knitr, mime,
    stringr, tinytex, xfun, yaml

Package: roxygen2
Source: CRAN
Version: 7.0.2
Hash: 51e5c0b1d575eea00127409de59c00a9
Requires: R6, Rcpp, brew, commonmark, desc, digest, pkgload, purrr,
    rlang, stringi, stringr, xml2

Package: rprojroot
Source: CRAN
Version: 1.3-2
Hash: a25c3f70c166fb3fbabc410eb32b6366
Requires: backports

Package: rstudioapi
Source: CRAN
Version: 0.10
Hash: 63f43c6ff14d92e1d65ca6c21d45a1eb

Package: rversions
Source: CRAN
Version: 2.0.1
Hash: d2080f9ec93e7b4e3729c195ef1f9908
Requires: curl, xml2

Package: rvest
Source: CRAN
Version: 0.3.5
Hash: 76dc42671d747a857ea344bc56cd5b51
Requires: httr, magrittr, selectr, xml2

Package: scales
Source: CRAN
Version: 1.1.0
Hash: fa53af4e3ceba05fc79a31bde5962445
Requires: R6, RColorBrewer, farver, labeling, lifecycle, munsell,
    viridisLite

Package: see
Source: CRAN
Version: 0.4.0
Hash: d572d3839838a3e073e45d51901bc0a8
Requires: bayestestR, dplyr, effectsize, ggplot2, ggridges, gridExtra,
    insight, magrittr, parameters, rlang, scales

Package: selectr
Source: CRAN
Version: 0.4-2
Hash: b915e37654e476cbad2ceb063a2b8edb
Requires: R6, stringr

Package: sessioninfo
Source: CRAN
Version: 1.1.1
Hash: 9e50c8458e611f166ba702277cbb5096
Requires: cli, withr

Package: sf
Source: CRAN
Version: 0.8-0
Hash: 68130d40fb5f0ba9d00d698f2949026b
Requires: DBI, Rcpp, classInt, magrittr, units

Package: shiny
Source: CRAN
Version: 1.4.0
Hash: 7a1d8725849ecb792b4df2c084769c23
Requires: R6, crayon, digest, fastmap, htmltools, httpuv, jsonlite,
    later, mime, promises, rlang, sourcetools, xtable

Package: snakecase
Source: CRAN
Version: 0.11.0
Hash: 061f05fc025f841f0cdc94fd0076abf0
Requires: stringi, stringr

Package: sourcetools
Source: CRAN
Version: 0.1.7
Hash: d093478ac90064e670cd4bf1a99b47b6

Package: storr
Source: CRAN
Version: 1.2.1
Hash: 76ffa40827f4102989daa97896baf696
Requires: R6, digest

Package: stringi
Source: CRAN
Version: 1.4.5
Hash: 88ba531dfcddc90c6b6b87e97a44aeb6

Package: stringr
Source: CRAN
Version: 1.4.0
Hash: 67da32dbb2a7a16f2ef124336358e54a
Requires: glue, magrittr, stringi

Package: sys
Source: CRAN
Version: 3.3
Hash: d5a4afad9298f42aae77f6389713a066

Package: systemfonts
Source: CRAN
Version: 0.1.1
Hash: ac1ec260f6d8907d0755ca5154607cfc

Package: testthat
Source: CRAN
Version: 2.3.1
Hash: 08a7645752835e2708c9bdf681409532
Requires: R6, cli, crayon, digest, ellipsis, evaluate, magrittr,
    pkgload, praise, rlang, withr

Package: tibble
Source: CRAN
Version: 2.1.3
Hash: f59680d81ddc45fa3fcb8c07686d1d89
Requires: cli, crayon, fansi, pillar, pkgconfig, rlang

Package: tidyr
Source: CRAN
Version: 1.0.0
Hash: 137e4ba3af80f4d5d2071af824cbabfe
Requires: Rcpp, dplyr, ellipsis, glue, lifecycle, magrittr, purrr,
    rlang, stringi, tibble, tidyselect, vctrs

Package: tidyselect
Source: CRAN
Version: 0.2.5
Hash: 5cbca8a84b427f46bea4ee5c6c7fe36e
Requires: Rcpp, glue, purrr, rlang

Package: tidyverse
Source: CRAN
Version: 1.3.0
Hash: b909ba2b6349072c6376f95a816fe932
Requires: broom, cli, crayon, dbplyr, dplyr, forcats, ggplot2, haven,
    hms, httr, jsonlite, lubridate, magrittr, modelr, pillar, purrr,
    readr, readxl, reprex, rlang, rstudioapi, rvest, stringr, tibble,
    tidyr, xml2

Package: tikzDevice
Source: CRAN
Version: 0.12.3
Hash: 380aec513227805dccf0e9da896ff70b
Requires: filehash, png

Package: tinytex
Source: CRAN
Version: 0.18
Hash: 6990b7f82cda6c960a20e83f8f85acaf
Requires: xfun

Package: transformr
Source: CRAN
Version: 0.1.1
Hash: 19ea080fe22fc03006e14f4f730e7036
Requires: Rcpp, lpSolve, rlang, sf, tweenr

Package: tweenr
Source: CRAN
Version: 1.0.1
Hash: 3168e3efc3ff3d92d8460e8d9f310ea1
Requires: Rcpp, farver, magrittr, rlang

Package: txtq
Source: CRAN
Version: 0.2.0
Hash: cb72ff6101b4eced6a6f317412b57766
Requires: R6, base64url, filelock

Package: units
Source: CRAN
Version: 0.6-5
Hash: 69664c9b67a57301798f3b79a3cb3863
Requires: Rcpp

Package: usethis
Source: CRAN
Version: 1.5.1
Hash: 1a3f09efcce670dc6a5562cfd3c71d66
Requires: clipr, clisymbols, crayon, curl, desc, fs, gh, git2r, glue,
    purrr, rlang, rprojroot, rstudioapi, whisker, withr, yaml

Package: utf8
Source: CRAN
Version: 1.1.4
Hash: f3f97ce59092abc8ed3fd098a59e236c

Package: uuid
Source: CRAN
Version: 0.1-2
Hash: 69acbbcf4dcff3a258f94de540214001

Package: vctrs
Source: CRAN
Version: 0.2.1
Hash: 8ba1577e36ecf03aed0660c019fe7097
Requires: backports, digest, ellipsis, glue, rlang, zeallot

Package: vegawidget
Source: CRAN
Version: 0.3.1
Hash: fcb2b474b516e174e763a827df6c998b
Requires: assertthat, glue, htmltools, htmlwidgets, jsonlite, magrittr,
    rlang

Package: viridis
Source: CRAN
Version: 0.5.1
Hash: 39edaec2078b4fc928afb73cc1ce6625
Requires: ggplot2, gridExtra, viridisLite

Package: viridisLite
Source: CRAN
Version: 0.3.0
Hash: 78bb072c4f9e729a283d4c40ec93f9c6

Package: whisker
Source: CRAN
Version: 0.4
Hash: 5b1ec05cd96c1e0c6048bab49abee3aa

Package: withr
Source: CRAN
Version: 2.1.2
Hash: d534108bcd5f34ec73e9eb523751ba20

Package: xfun
Source: CRAN
Version: 0.12
Hash: 1c81f85035dee1e1bf48e09a57928c9b

Package: xml2
Source: CRAN
Version: 1.2.2
Hash: c5ae4169830ed140e94045e1b7934267
Requires: Rcpp

Package: xopen
Source: CRAN
Version: 1.0.0
Hash: 22c2708f177f9fd9f8a52012bac61d6a
Requires: processx

Package: xtable
Source: CRAN
Version: 1.8-4
Hash: dc0d47261b678d26032363bebd050540

Package: yaml
Source: CRAN
Version: 2.2.0
Hash: a5ad5616d83d89f8d84cbf3cf4034e13

Package: zeallot
Source: CRAN
Version: 0.1.0
Hash: 10b2ed48e202b4db421ae864041dc4b2
